
Microsoft Visual Studio Solution File, Format Version 12.00
# Visual Studio Version 17
VisualStudioVersion = 17.6.33723.286
MinimumVisualStudioVersion = 10.0.40219.1
Project("{FAE04EC0-301F-11D3-BF4B-00C04F79EFBC}") = "MiñoFigueroa", "MiñoFigueroa.csproj", "{EAF8EF81-62E2-4FA4-9FBA-90D56668D491}"
EndProject
Project("{2150E333-8FDC-42A3-9474-1A3956D46DE8}") = "models", "models", "{B0CC5A34-B366-42D8-9AD4-4A4B9221B4C0}"
	ProjectSection(SolutionItems) = preProject
		Genero.cs = Genero.cs
		Usuario.cs = Usuario.cs
	EndProjectSection
EndProject
Project("{2150E333-8FDC-42A3-9474-1A3956D46DE8}") = "Elementos de la solución", "Elementos de la solución", "{515D8AE1-0B97-4FE1-A760-7CC175DD1128}"
	ProjectSection(SolutionItems) = preProject
		AplicationDBContext.cs = AplicationDBContext.cs
		Startup.cs = Startup.cs
	EndProjectSection
EndProject
Global
	GlobalSection(SolutionConfigurationPlatforms) = preSolution
		Debug|Any CPU = Debug|Any CPU
		Release|Any CPU = Release|Any CPU
	EndGlobalSection
	GlobalSection(ProjectConfigurationPlatforms) = postSolution
		{EAF8EF81-62E2-4FA4-9FBA-90D56668D491}.Debug|Any CPU.ActiveCfg = Debug|Any CPU
		{EAF8EF81-62E2-4FA4-9FBA-90D56668D491}.Debug|Any CPU.Build.0 = Debug|Any CPU
		{EAF8EF81-62E2-4FA4-9FBA-90D56668D491}.Release|Any CPU.ActiveCfg = Release|Any CPU
		{EAF8EF81-62E2-4FA4-9FBA-90D56668D491}.Release|Any CPU.Build.0 = Release|Any CPU
	EndGlobalSection
	GlobalSection(SolutionProperties) = preSolution
		HideSolutionNode = FALSE
	EndGlobalSection
	GlobalSection(ExtensibilityGlobals) = postSolution
		SolutionGuid = {00A5A069-BAD3-47E0-9F6D-853A147C5E26}
	EndGlobalSection
EndGlobal
